
Microsoft Visual Studio Solution File, Format Version 12.00
# Visual Studio Version 17
VisualStudioVersion = 17.7.34024.191
MinimumVisualStudioVersion = 10.0.40219.1
Project("{8BC9CEB8-8B4A-11D0-8D11-00A0C91BC942}") = "1labaPPOIS", "1labaPPOIS.vcxproj", "{1CDC5C00-F9DC-48C3-9497-6ABC97DFB46B}"
EndProject
Project("{8BC9CEB8-8B4A-11D0-8D11-00A0C91BC942}") = "tests", "..\tests\tests.vcxproj", "{18AC3912-295B-4ED2-9AAA-D56793B20496}"
EndProject
Project("{8BC9CEB8-8B4A-11D0-8D11-00A0C91BC942}") = "google_tests", "..\google_tests\google_tests.vcxproj", "{63EBA611-08B8-4DCD-81EE-901E4D253775}"
EndProject
Global
	GlobalSection(SolutionConfigurationPlatforms) = preSolution
		Debug|x64 = Debug|x64
		Debug|x86 = Debug|x86
		Release|x64 = Release|x64
		Release|x86 = Release|x86
	EndGlobalSection
	GlobalSection(ProjectConfigurationPlatforms) = postSolution
		{1CDC5C00-F9DC-48C3-9497-6ABC97DFB46B}.Debug|x64.ActiveCfg = Debug|x64
		{1CDC5C00-F9DC-48C3-9497-6ABC97DFB46B}.Debug|x64.Build.0 = Debug|x64
		{1CDC5C00-F9DC-48C3-9497-6ABC97DFB46B}.Debug|x86.ActiveCfg = Debug|Win32
		{1CDC5C00-F9DC-48C3-9497-6ABC97DFB46B}.Debug|x86.Build.0 = Debug|Win32
		{1CDC5C00-F9DC-48C3-9497-6ABC97DFB46B}.Release|x64.ActiveCfg = Release|x64
		{1CDC5C00-F9DC-48C3-9497-6ABC97DFB46B}.Release|x64.Build.0 = Release|x64
		{1CDC5C00-F9DC-48C3-9497-6ABC97DFB46B}.Release|x86.ActiveCfg = Release|Win32
		{1CDC5C00-F9DC-48C3-9497-6ABC97DFB46B}.Release|x86.Build.0 = Release|Win32
		{18AC3912-295B-4ED2-9AAA-D56793B20496}.Debug|x64.ActiveCfg = Debug|x64
		{18AC3912-295B-4ED2-9AAA-D56793B20496}.Debug|x64.Build.0 = Debug|x64
		{18AC3912-295B-4ED2-9AAA-D56793B20496}.Debug|x86.ActiveCfg = Debug|Win32
		{18AC3912-295B-4ED2-9AAA-D56793B20496}.Debug|x86.Build.0 = Debug|Win32
		{18AC3912-295B-4ED2-9AAA-D56793B20496}.Release|x64.ActiveCfg = Release|x64
		{18AC3912-295B-4ED2-9AAA-D56793B20496}.Release|x64.Build.0 = Release|x64
		{18AC3912-295B-4ED2-9AAA-D56793B20496}.Release|x86.ActiveCfg = Release|Win32
		{18AC3912-295B-4ED2-9AAA-D56793B20496}.Release|x86.Build.0 = Release|Win32
		{63EBA611-08B8-4DCD-81EE-901E4D253775}.Debug|x64.ActiveCfg = Debug|x64
		{63EBA611-08B8-4DCD-81EE-901E4D253775}.Debug|x64.Build.0 = Debug|x64
		{63EBA611-08B8-4DCD-81EE-901E4D253775}.Debug|x86.ActiveCfg = Debug|Win32
		{63EBA611-08B8-4DCD-81EE-901E4D253775}.Debug|x86.Build.0 = Debug|Win32
		{63EBA611-08B8-4DCD-81EE-901E4D253775}.Release|x64.ActiveCfg = Release|x64
		{63EBA611-08B8-4DCD-81EE-901E4D253775}.Release|x64.Build.0 = Release|x64
		{63EBA611-08B8-4DCD-81EE-901E4D253775}.Release|x86.ActiveCfg = Release|Win32
		{63EBA611-08B8-4DCD-81EE-901E4D253775}.Release|x86.Build.0 = Release|Win32
	EndGlobalSection
	GlobalSection(SolutionProperties) = preSolution
		HideSolutionNode = FALSE
	EndGlobalSection
	GlobalSection(ExtensibilityGlobals) = postSolution
		SolutionGuid = {88265718-46D7-4BBA-A6CA-1130836AE27D}
	EndGlobalSection
EndGlobal
