
Microsoft Visual Studio Solution File, Format Version 12.00
# Visual Studio Version 17
VisualStudioVersion = 17.7.34024.191
MinimumVisualStudioVersion = 10.0.40219.1
Project("{8BC9CEB8-8B4A-11D0-8D11-00A0C91BC942}") = "2laba_PPOIS", "2laba_PPOIS.vcxproj", "{CCA85632-8D41-4626-BF23-E4D7264D663C}"
EndProject
Project("{8BC9CEB8-8B4A-11D0-8D11-00A0C91BC942}") = "tests_for_2_lab", "..\tests_for_2_lab\tests_for_2_lab.vcxproj", "{8A822AA3-9434-468C-B190-D39A22A72267}"
EndProject
Global
	GlobalSection(SolutionConfigurationPlatforms) = preSolution
		Debug|x64 = Debug|x64
		Debug|x86 = Debug|x86
		Release|x64 = Release|x64
		Release|x86 = Release|x86
	EndGlobalSection
	GlobalSection(ProjectConfigurationPlatforms) = postSolution
		{CCA85632-8D41-4626-BF23-E4D7264D663C}.Debug|x64.ActiveCfg = Debug|x64
		{CCA85632-8D41-4626-BF23-E4D7264D663C}.Debug|x64.Build.0 = Debug|x64
		{CCA85632-8D41-4626-BF23-E4D7264D663C}.Debug|x86.ActiveCfg = Debug|Win32
		{CCA85632-8D41-4626-BF23-E4D7264D663C}.Debug|x86.Build.0 = Debug|Win32
		{CCA85632-8D41-4626-BF23-E4D7264D663C}.Release|x64.ActiveCfg = Release|x64
		{CCA85632-8D41-4626-BF23-E4D7264D663C}.Release|x64.Build.0 = Release|x64
		{CCA85632-8D41-4626-BF23-E4D7264D663C}.Release|x86.ActiveCfg = Release|Win32
		{CCA85632-8D41-4626-BF23-E4D7264D663C}.Release|x86.Build.0 = Release|Win32
		{8A822AA3-9434-468C-B190-D39A22A72267}.Debug|x64.ActiveCfg = Debug|x64
		{8A822AA3-9434-468C-B190-D39A22A72267}.Debug|x64.Build.0 = Debug|x64
		{8A822AA3-9434-468C-B190-D39A22A72267}.Debug|x86.ActiveCfg = Debug|Win32
		{8A822AA3-9434-468C-B190-D39A22A72267}.Debug|x86.Build.0 = Debug|Win32
		{8A822AA3-9434-468C-B190-D39A22A72267}.Release|x64.ActiveCfg = Release|x64
		{8A822AA3-9434-468C-B190-D39A22A72267}.Release|x64.Build.0 = Release|x64
		{8A822AA3-9434-468C-B190-D39A22A72267}.Release|x86.ActiveCfg = Release|Win32
		{8A822AA3-9434-468C-B190-D39A22A72267}.Release|x86.Build.0 = Release|Win32
	EndGlobalSection
	GlobalSection(SolutionProperties) = preSolution
		HideSolutionNode = FALSE
	EndGlobalSection
	GlobalSection(ExtensibilityGlobals) = postSolution
		SolutionGuid = {2695B7A3-F2BF-45E8-99DB-5C373AB4AD91}
	EndGlobalSection
EndGlobal
